// !$*UTF8*$!
{
	archiveVersion = 1;
	classes = {
	};
	objectVersion = 55;
	objects = {

/* Begin PBXBuildFile section */
		A860F3372789F9DD008DBB6A /* AppDelegate.swift in Sources */ = {isa = PBXBuildFile; fileRef = A860F3362789F9DD008DBB6A /* AppDelegate.swift */; };
		A860F33D2789F9DD008DBB6A /* GameScene.swift in Sources */ = {isa = PBXBuildFile; fileRef = A860F33C2789F9DD008DBB6A /* GameScene.swift */; };
		A860F33F2789F9DD008DBB6A /* GameViewController.swift in Sources */ = {isa = PBXBuildFile; fileRef = A860F33E2789F9DD008DBB6A /* GameViewController.swift */; };
		A860F3422789F9DD008DBB6A /* Main.storyboard in Resources */ = {isa = PBXBuildFile; fileRef = A860F3402789F9DD008DBB6A /* Main.storyboard */; };
		A860F3442789F9DE008DBB6A /* Assets.xcassets in Resources */ = {isa = PBXBuildFile; fileRef = A860F3432789F9DE008DBB6A /* Assets.xcassets */; };
		A860F3472789F9DE008DBB6A /* LaunchScreen.storyboard in Resources */ = {isa = PBXBuildFile; fileRef = A860F3452789F9DE008DBB6A /* LaunchScreen.storyboard */; };
		A860F34F2789FBF9008DBB6A /* BackGround.swift in Sources */ = {isa = PBXBuildFile; fileRef = A860F34E2789FBF9008DBB6A /* BackGround.swift */; };
		A860F3532789FDBD008DBB6A /* Variables.swift in Sources */ = {isa = PBXBuildFile; fileRef = A860F3522789FDBD008DBB6A /* Variables.swift */; };
		A860F3552789FE71008DBB6A /* Brick.swift in Sources */ = {isa = PBXBuildFile; fileRef = A860F3542789FE71008DBB6A /* Brick.swift */; };
		A860F357278C34FA008DBB6A /* BrickGenertor.swift in Sources */ = {isa = PBXBuildFile; fileRef = A860F356278C34FA008DBB6A /* BrickGenertor.swift */; };
/* End PBXBuildFile section */

/* Begin PBXFileReference section */
		A860F3332789F9DD008DBB6A /* TetrisGame.app */ = {isa = PBXFileReference; explicitFileType = wrapper.application; includeInIndex = 0; path = TetrisGame.app; sourceTree = BUILT_PRODUCTS_DIR; };
		A860F3362789F9DD008DBB6A /* AppDelegate.swift */ = {isa = PBXFileReference; lastKnownFileType = sourcecode.swift; path = AppDelegate.swift; sourceTree = "<group>"; };
		A860F33C2789F9DD008DBB6A /* GameScene.swift */ = {isa = PBXFileReference; lastKnownFileType = sourcecode.swift; path = GameScene.swift; sourceTree = "<group>"; };
		A860F33E2789F9DD008DBB6A /* GameViewController.swift */ = {isa = PBXFileReference; lastKnownFileType = sourcecode.swift; path = GameViewController.swift; sourceTree = "<group>"; };
		A860F3412789F9DD008DBB6A /* Base */ = {isa = PBXFileReference; lastKnownFileType = file.storyboard; name = Base; path = Base.lproj/Main.storyboard; sourceTree = "<group>"; };
		A860F3432789F9DE008DBB6A /* Assets.xcassets */ = {isa = PBXFileReference; lastKnownFileType = folder.assetcatalog; path = Assets.xcassets; sourceTree = "<group>"; };
		A860F3462789F9DE008DBB6A /* Base */ = {isa = PBXFileReference; lastKnownFileType = file.storyboard; name = Base; path = Base.lproj/LaunchScreen.storyboard; sourceTree = "<group>"; };
		A860F34E2789FBF9008DBB6A /* BackGround.swift */ = {isa = PBXFileReference; lastKnownFileType = sourcecode.swift; path = BackGround.swift; sourceTree = "<group>"; };
		A860F3522789FDBD008DBB6A /* Variables.swift */ = {isa = PBXFileReference; lastKnownFileType = sourcecode.swift; path = Variables.swift; sourceTree = "<group>"; };
		A860F3542789FE71008DBB6A /* Brick.swift */ = {isa = PBXFileReference; lastKnownFileType = sourcecode.swift; path = Brick.swift; sourceTree = "<group>"; };
		A860F356278C34FA008DBB6A /* BrickGenertor.swift */ = {isa = PBXFileReference; lastKnownFileType = sourcecode.swift; path = BrickGenertor.swift; sourceTree = "<group>"; };
/* End PBXFileReference section */

/* Begin PBXFrameworksBuildPhase section */
		A860F3302789F9DD008DBB6A /* Frameworks */ = {
			isa = PBXFrameworksBuildPhase;
			buildActionMask = 2147483647;
			files = (
			);
			runOnlyForDeploymentPostprocessing = 0;
		};
/* End PBXFrameworksBuildPhase section */

/* Begin PBXGroup section */
		A860F32A2789F9DD008DBB6A = {
			isa = PBXGroup;
			children = (
				A860F3352789F9DD008DBB6A /* TetrisGame */,
				A860F3342789F9DD008DBB6A /* Products */,
			);
			sourceTree = "<group>";
		};
		A860F3342789F9DD008DBB6A /* Products */ = {
			isa = PBXGroup;
			children = (
				A860F3332789F9DD008DBB6A /* TetrisGame.app */,
			);
			name = Products;
			sourceTree = "<group>";
		};
		A860F3352789F9DD008DBB6A /* TetrisGame */ = {
			isa = PBXGroup;
			children = (
				A860F3512789FDA9008DBB6A /* Variables */,
				A860F34D2789FBB7008DBB6A /* Background */,
				A860F3362789F9DD008DBB6A /* AppDelegate.swift */,
				A860F33C2789F9DD008DBB6A /* GameScene.swift */,
				A860F33E2789F9DD008DBB6A /* GameViewController.swift */,
				A860F3402789F9DD008DBB6A /* Main.storyboard */,
				A860F3432789F9DE008DBB6A /* Assets.xcassets */,
				A860F3452789F9DE008DBB6A /* LaunchScreen.storyboard */,
			);
			path = TetrisGame;
			sourceTree = "<group>";
		};
		A860F34D2789FBB7008DBB6A /* Background */ = {
			isa = PBXGroup;
			children = (
				A860F34E2789FBF9008DBB6A /* BackGround.swift */,
				A860F3542789FE71008DBB6A /* Brick.swift */,
				A860F356278C34FA008DBB6A /* BrickGenertor.swift */,
			);
			path = Background;
			sourceTree = "<group>";
		};
		A860F3512789FDA9008DBB6A /* Variables */ = {
			isa = PBXGroup;
			children = (
				A860F3522789FDBD008DBB6A /* Variables.swift */,
			);
			path = Variables;
			sourceTree = "<group>";
		};
/* End PBXGroup section */

/* Begin PBXNativeTarget section */
		A860F3322789F9DD008DBB6A /* TetrisGame */ = {
			isa = PBXNativeTarget;
			buildConfigurationList = A860F34A2789F9DE008DBB6A /* Build configuration list for PBXNativeTarget "TetrisGame" */;
			buildPhases = (
				A860F32F2789F9DD008DBB6A /* Sources */,
				A860F3302789F9DD008DBB6A /* Frameworks */,
				A860F3312789F9DD008DBB6A /* Resources */,
			);
			buildRules = (
			);
			dependencies = (
			);
			name = TetrisGame;
			productName = TetrisGame;
			productReference = A860F3332789F9DD008DBB6A /* TetrisGame.app */;
			productType = "com.apple.product-type.application";
		};
/* End PBXNativeTarget section */

/* Begin PBXProject section */
		A860F32B2789F9DD008DBB6A /* Project object */ = {
			isa = PBXProject;
			attributes = {
				BuildIndependentTargetsInParallel = 1;
				LastSwiftUpdateCheck = 1320;
				LastUpgradeCheck = 1320;
				TargetAttributes = {
					A860F3322789F9DD008DBB6A = {
						CreatedOnToolsVersion = 13.2.1;
					};
				};
			};
			buildConfigurationList = A860F32E2789F9DD008DBB6A /* Build configuration list for PBXProject "TetrisGame" */;
			compatibilityVersion = "Xcode 13.0";
			developmentRegion = en;
			hasScannedForEncodings = 0;
			knownRegions = (
				en,
				Base,
			);
			mainGroup = A860F32A2789F9DD008DBB6A;
			productRefGroup = A860F3342789F9DD008DBB6A /* Products */;
			projectDirPath = "";
			projectRoot = "";
			targets = (
				A860F3322789F9DD008DBB6A /* TetrisGame */,
			);
		};
/* End PBXProject section */

/* Begin PBXResourcesBuildPhase section */
		A860F3312789F9DD008DBB6A /* Resources */ = {
			isa = PBXResourcesBuildPhase;
			buildActionMask = 2147483647;
			files = (
				A860F3422789F9DD008DBB6A /* Main.storyboard in Resources */,
				A860F3442789F9DE008DBB6A /* Assets.xcassets in Resources */,
				A860F3472789F9DE008DBB6A /* LaunchScreen.storyboard in Resources */,
			);
			runOnlyForDeploymentPostprocessing = 0;
		};
/* End PBXResourcesBuildPhase section */

/* Begin PBXSourcesBuildPhase section */
		A860F32F2789F9DD008DBB6A /* Sources */ = {
			isa = PBXSourcesBuildPhase;
			buildActionMask = 2147483647;
			files = (
				A860F33D2789F9DD008DBB6A /* GameScene.swift in Sources */,
				A860F33F2789F9DD008DBB6A /* GameViewController.swift in Sources */,
				A860F3372789F9DD008DBB6A /* AppDelegate.swift in Sources */,
				A860F34F2789FBF9008DBB6A /* BackGround.swift in Sources */,
				A860F357278C34FA008DBB6A /* BrickGenertor.swift in Sources */,
				A860F3532789FDBD008DBB6A /* Variables.swift in Sources */,
				A860F3552789FE71008DBB6A /* Brick.swift in Sources */,
			);
			runOnlyForDeploymentPostprocessing = 0;
		};
/* End PBXSourcesBuildPhase section */

/* Begin PBXVariantGroup section */
		A860F3402789F9DD008DBB6A /* Main.storyboard */ = {
			isa = PBXVariantGroup;
			children = (
				A860F3412789F9DD008DBB6A /* Base */,
			);
			name = Main.storyboard;
			sourceTree = "<group>";
		};
		A860F3452789F9DE008DBB6A /* LaunchScreen.storyboard */ = {
			isa = PBXVariantGroup;
			children = (
				A860F3462789F9DE008DBB6A /* Base */,
			);
			name = LaunchScreen.storyboard;
			sourceTree = "<group>";
		};
/* End PBXVariantGroup section */

/* Begin XCBuildConfiguration section */
		A860F3482789F9DE008DBB6A /* Debug */ = {
			isa = XCBuildConfiguration;
			buildSettings = {
				ALWAYS_SEARCH_USER_PATHS = NO;
				CLANG_ANALYZER_NONNULL = YES;
				CLANG_ANALYZER_NUMBER_OBJECT_CONVERSION = YES_AGGRESSIVE;
				CLANG_CXX_LANGUAGE_STANDARD = "gnu++17";
				CLANG_CXX_LIBRARY = "libc++";
				CLANG_ENABLE_MODULES = YES;
				CLANG_ENABLE_OBJC_ARC = YES;
				CLANG_ENABLE_OBJC_WEAK = YES;
				CLANG_WARN_BLOCK_CAPTURE_AUTORELEASING = YES;
				CLANG_WARN_BOOL_CONVERSION = YES;
				CLANG_WARN_COMMA = YES;
				CLANG_WARN_CONSTANT_CONVERSION = YES;
				CLANG_WARN_DEPRECATED_OBJC_IMPLEMENTATIONS = YES;
				CLANG_WARN_DIRECT_OBJC_ISA_USAGE = YES_ERROR;
				CLANG_WARN_DOCUMENTATION_COMMENTS = YES;
				CLANG_WARN_EMPTY_BODY = YES;
				CLANG_WARN_ENUM_CONVERSION = YES;
				CLANG_WARN_INFINITE_RECURSION = YES;
				CLANG_WARN_INT_CONVERSION = YES;
				CLANG_WARN_NON_LITERAL_NULL_CONVERSION = YES;
				CLANG_WARN_OBJC_IMPLICIT_RETAIN_SELF = YES;
				CLANG_WARN_OBJC_LITERAL_CONVERSION = YES;
				CLANG_WARN_OBJC_ROOT_CLASS = YES_ERROR;
				CLANG_WARN_QUOTED_INCLUDE_IN_FRAMEWORK_HEADER = YES;
				CLANG_WARN_RANGE_LOOP_ANALYSIS = YES;
				CLANG_WARN_STRICT_PROTOTYPES = YES;
				CLANG_WARN_SUSPICIOUS_MOVE = YES;
				CLANG_WARN_UNGUARDED_AVAILABILITY = YES_AGGRESSIVE;
				CLANG_WARN_UNREACHABLE_CODE = YES;
				CLANG_WARN__DUPLICATE_METHOD_MATCH = YES;
				COPY_PHASE_STRIP = NO;
				DEBUG_INFORMATION_FORMAT = dwarf;
				ENABLE_STRICT_OBJC_MSGSEND = YES;
				ENABLE_TESTABILITY = YES;
				GCC_C_LANGUAGE_STANDARD = gnu11;
				GCC_DYNAMIC_NO_PIC = NO;
				GCC_NO_COMMON_BLOCKS = YES;
				GCC_OPTIMIZATION_LEVEL = 0;
				GCC_PREPROCESSOR_DEFINITIONS = (
					"DEBUG=1",
					"$(inherited)",
				);
				GCC_WARN_64_TO_32_BIT_CONVERSION = YES;
				GCC_WARN_ABOUT_RETURN_TYPE = YES_ERROR;
				GCC_WARN_UNDECLARED_SELECTOR = YES;
				GCC_WARN_UNINITIALIZED_AUTOS = YES_AGGRESSIVE;
				GCC_WARN_UNUSED_FUNCTION = YES;
				GCC_WARN_UNUSED_VARIABLE = YES;
				IPHONEOS_DEPLOYMENT_TARGET = 15.2;
				MTL_ENABLE_DEBUG_INFO = INCLUDE_SOURCE;
				MTL_FAST_MATH = YES;
				ONLY_ACTIVE_ARCH = YES;
				SDKROOT = iphoneos;
				SWIFT_ACTIVE_COMPILATION_CONDITIONS = DEBUG;
				SWIFT_OPTIMIZATION_LEVEL = "-Onone";
			};
			name = Debug;
		};
		A860F3492789F9DE008DBB6A /* Release */ = {
			isa = XCBuildConfiguration;
			buildSettings = {
				ALWAYS_SEARCH_USER_PATHS = NO;
				CLANG_ANALYZER_NONNULL = YES;
				CLANG_ANALYZER_NUMBER_OBJECT_CONVERSION = YES_AGGRESSIVE;
				CLANG_CXX_LANGUAGE_STANDARD = "gnu++17";
				CLANG_CXX_LIBRARY = "libc++";
				CLANG_ENABLE_MODULES = YES;
				CLANG_ENABLE_OBJC_ARC = YES;
				CLANG_ENABLE_OBJC_WEAK = YES;
				CLANG_WARN_BLOCK_CAPTURE_AUTORELEASING = YES;
				CLANG_WARN_BOOL_CONVERSION = YES;
				CLANG_WARN_COMMA = YES;
				CLANG_WARN_CONSTANT_CONVERSION = YES;
				CLANG_WARN_DEPRECATED_OBJC_IMPLEMENTATIONS = YES;
				CLANG_WARN_DIRECT_OBJC_ISA_USAGE = YES_ERROR;
				CLANG_WARN_DOCUMENTATION_COMMENTS = YES;
				CLANG_WARN_EMPTY_BODY = YES;
				CLANG_WARN_ENUM_CONVERSION = YES;
				CLANG_WARN_INFINITE_RECURSION = YES;
				CLANG_WARN_INT_CONVERSION = YES;
				CLANG_WARN_NON_LITERAL_NULL_CONVERSION = YES;
				CLANG_WARN_OBJC_IMPLICIT_RETAIN_SELF = YES;
				CLANG_WARN_OBJC_LITERAL_CONVERSION = YES;
				CLANG_WARN_OBJC_ROOT_CLASS = YES_ERROR;
				CLANG_WARN_QUOTED_INCLUDE_IN_FRAMEWORK_HEADER = YES;
				CLANG_WARN_RANGE_LOOP_ANALYSIS = YES;
				CLANG_WARN_STRICT_PROTOTYPES = YES;
				CLANG_WARN_SUSPICIOUS_MOVE = YES;
				CLANG_WARN_UNGUARDED_AVAILABILITY = YES_AGGRESSIVE;
				CLANG_WARN_UNREACHABLE_CODE = YES;
				CLANG_WARN__DUPLICATE_METHOD_MATCH = YES;
				COPY_PHASE_STRIP = NO;
				DEBUG_INFORMATION_FORMAT = "dwarf-with-dsym";
				ENABLE_NS_ASSERTIONS = NO;
				ENABLE_STRICT_OBJC_MSGSEND = YES;
				GCC_C_LANGUAGE_STANDARD = gnu11;
				GCC_NO_COMMON_BLOCKS = YES;
				GCC_WARN_64_TO_32_BIT_CONVERSION = YES;
				GCC_WARN_ABOUT_RETURN_TYPE = YES_ERROR;
				GCC_WARN_UNDECLARED_SELECTOR = YES;
				GCC_WARN_UNINITIALIZED_AUTOS = YES_AGGRESSIVE;
				GCC_WARN_UNUSED_FUNCTION = YES;
				GCC_WARN_UNUSED_VARIABLE = YES;
				IPHONEOS_DEPLOYMENT_TARGET = 15.2;
				MTL_ENABLE_DEBUG_INFO = NO;
				MTL_FAST_MATH = YES;
				SDKROOT = iphoneos;
				SWIFT_COMPILATION_MODE = wholemodule;
				SWIFT_OPTIMIZATION_LEVEL = "-O";
				VALIDATE_PRODUCT = YES;
			};
			name = Release;
		};
		A860F34B2789F9DE008DBB6A /* Debug */ = {
			isa = XCBuildConfiguration;
			buildSettings = {
				ASSETCATALOG_COMPILER_APPICON_NAME = AppIcon;
				ASSETCATALOG_COMPILER_GLOBAL_ACCENT_COLOR_NAME = AccentColor;
				CODE_SIGN_STYLE = Automatic;
				CURRENT_PROJECT_VERSION = 1;
				DEVELOPMENT_TEAM = 2T35F6WAJJ;
				GENERATE_INFOPLIST_FILE = YES;
				INFOPLIST_KEY_UIApplicationSupportsIndirectInputEvents = YES;
				INFOPLIST_KEY_UILaunchStoryboardName = LaunchScreen;
				INFOPLIST_KEY_UIMainStoryboardFile = Main;
				INFOPLIST_KEY_UIStatusBarHidden = YES;
				INFOPLIST_KEY_UISupportedInterfaceOrientations = UIInterfaceOrientationPortrait;
				INFOPLIST_KEY_UISupportedInterfaceOrientations_iPad = "UIInterfaceOrientationPortrait UIInterfaceOrientationPortraitUpsideDown UIInterfaceOrientationLandscapeLeft UIInterfaceOrientationLandscapeRight";
				INFOPLIST_KEY_UISupportedInterfaceOrientations_iPhone = "UIInterfaceOrientationPortrait UIInterfaceOrientationLandscapeLeft UIInterfaceOrientationLandscapeRight";
				LD_RUNPATH_SEARCH_PATHS = (
					"$(inherited)",
					"@executable_path/Frameworks",
				);
				MARKETING_VERSION = 1.0;
				PRODUCT_BUNDLE_IDENTIFIER = DvDK.TetrisGame;
				PRODUCT_NAME = "$(TARGET_NAME)";
				SWIFT_EMIT_LOC_STRINGS = YES;
				SWIFT_VERSION = 5.0;
				TARGETED_DEVICE_FAMILY = "1,2";
			};
			name = Debug;
		};
		A860F34C2789F9DE008DBB6A /* Release */ = {
			isa = XCBuildConfiguration;
			buildSettings = {
				ASSETCATALOG_COMPILER_APPICON_NAME = AppIcon;
				ASSETCATALOG_COMPILER_GLOBAL_ACCENT_COLOR_NAME = AccentColor;
				CODE_SIGN_STYLE = Automatic;
				CURRENT_PROJECT_VERSION = 1;
				DEVELOPMENT_TEAM = 2T35F6WAJJ;
				GENERATE_INFOPLIST_FILE = YES;
				INFOPLIST_KEY_UIApplicationSupportsIndirectInputEvents = YES;
				INFOPLIST_KEY_UILaunchStoryboardName = LaunchScreen;
				INFOPLIST_KEY_UIMainStoryboardFile = Main;
				INFOPLIST_KEY_UIStatusBarHidden = YES;
				INFOPLIST_KEY_UISupportedInterfaceOrientations = UIInterfaceOrientationPortrait;
				INFOPLIST_KEY_UISupportedInterfaceOrientations_iPad = "UIInterfaceOrientationPortrait UIInterfaceOrientationPortraitUpsideDown UIInterfaceOrientationLandscapeLeft UIInterfaceOrientationLandscapeRight";
				INFOPLIST_KEY_UISupportedInterfaceOrientations_iPhone = "UIInterfaceOrientationPortrait UIInterfaceOrientationLandscapeLeft UIInterfaceOrientationLandscapeRight";
				LD_RUNPATH_SEARCH_PATHS = (
					"$(inherited)",
					"@executable_path/Frameworks",
				);
				MARKETING_VERSION = 1.0;
				PRODUCT_BUNDLE_IDENTIFIER = DvDK.TetrisGame;
				PRODUCT_NAME = "$(TARGET_NAME)";
				SWIFT_EMIT_LOC_STRINGS = YES;
				SWIFT_VERSION = 5.0;
				TARGETED_DEVICE_FAMILY = "1,2";
			};
			name = Release;
		};
/* End XCBuildConfiguration section */

/* Begin XCConfigurationList section */
		A860F32E2789F9DD008DBB6A /* Build configuration list for PBXProject "TetrisGame" */ = {
			isa = XCConfigurationList;
			buildConfigurations = (
				A860F3482789F9DE008DBB6A /* Debug */,
				A860F3492789F9DE008DBB6A /* Release */,
			);
			defaultConfigurationIsVisible = 0;
			defaultConfigurationName = Release;
		};
		A860F34A2789F9DE008DBB6A /* Build configuration list for PBXNativeTarget "TetrisGame" */ = {
			isa = XCConfigurationList;
			buildConfigurations = (
				A860F34B2789F9DE008DBB6A /* Debug */,
				A860F34C2789F9DE008DBB6A /* Release */,
			);
			defaultConfigurationIsVisible = 0;
			defaultConfigurationName = Release;
		};
/* End XCConfigurationList section */
	};
	rootObject = A860F32B2789F9DD008DBB6A /* Project object */;
}
